
Microsoft Visual Studio Solution File, Format Version 12.00
# Visual Studio 15
Project("{FAE04EC0-301F-11D3-BF4B-00C04F79EFBC}") = "Assembly-CSharp", "Assembly-CSharp.csproj", "{18CB5D00-BA36-6EE5-0391-E1A88E8430F4}"
EndProject
Global
	GlobalSection(SolutionConfigurationPlatforms) = preSolution
		Debug|Any CPU = Debug|Any CPU
		Release|Any CPU = Release|Any CPU
	EndGlobalSection
	GlobalSection(ProjectConfigurationPlatforms) = postSolution
		{18CB5D00-BA36-6EE5-0391-E1A88E8430F4}.Debug|Any CPU.ActiveCfg = Debug|Any CPU
		{18CB5D00-BA36-6EE5-0391-E1A88E8430F4}.Debug|Any CPU.Build.0 = Debug|Any CPU
		{18CB5D00-BA36-6EE5-0391-E1A88E8430F4}.Release|Any CPU.ActiveCfg = Release|Any CPU
		{18CB5D00-BA36-6EE5-0391-E1A88E8430F4}.Release|Any CPU.Build.0 = Release|Any CPU
	EndGlobalSection
	GlobalSection(SolutionProperties) = preSolution
		HideSolutionNode = FALSE
	EndGlobalSection
EndGlobal
